// !$*UTF8*$!
{
	archiveVersion = 1;
	classes = {
	};
	objectVersion = 51;
	objects = {

/* Begin PBXBuildFile section */
		135F1A376C27A0511DBF4E9F /* Pods_BaseProject.framework in Frameworks */ = {isa = PBXBuildFile; fileRef = 8CE10809864242D76C4CED40 /* Pods_BaseProject.framework */; };
		F17E643025D9A7FC00FFEBF4 /* AppDelegate.swift in Sources */ = {isa = PBXBuildFile; fileRef = F17E642F25D9A7FC00FFEBF4 /* AppDelegate.swift */; };
		F17E643225D9A7FC00FFEBF4 /* SceneDelegate.swift in Sources */ = {isa = PBXBuildFile; fileRef = F17E643125D9A7FC00FFEBF4 /* SceneDelegate.swift */; };
		F17E643425D9A7FC00FFEBF4 /* ViewController.swift in Sources */ = {isa = PBXBuildFile; fileRef = F17E643325D9A7FC00FFEBF4 /* ViewController.swift */; };
		F17E643725D9A7FC00FFEBF4 /* Main.storyboard in Resources */ = {isa = PBXBuildFile; fileRef = F17E643525D9A7FC00FFEBF4 /* Main.storyboard */; };
		F17E643925D9A80300FFEBF4 /* Assets.xcassets in Resources */ = {isa = PBXBuildFile; fileRef = F17E643825D9A80300FFEBF4 /* Assets.xcassets */; };
		F17E643C25D9A80300FFEBF4 /* LaunchScreen.storyboard in Resources */ = {isa = PBXBuildFile; fileRef = F17E643A25D9A80300FFEBF4 /* LaunchScreen.storyboard */; };
		F17E644725D9A80400FFEBF4 /* BaseProjectTests.swift in Sources */ = {isa = PBXBuildFile; fileRef = F17E644625D9A80400FFEBF4 /* BaseProjectTests.swift */; };
		F17E645225D9A80400FFEBF4 /* BaseProjectUITests.swift in Sources */ = {isa = PBXBuildFile; fileRef = F17E645125D9A80400FFEBF4 /* BaseProjectUITests.swift */; };
		F17E646C25D9B0EC00FFEBF4 /* NetworkHttpClient.swift in Sources */ = {isa = PBXBuildFile; fileRef = F17E646B25D9B0EC00FFEBF4 /* NetworkHttpClient.swift */; };
		F17E646D25D9B0EC00FFEBF4 /* NetworkHttpClient.swift in Sources */ = {isa = PBXBuildFile; fileRef = F17E646B25D9B0EC00FFEBF4 /* NetworkHttpClient.swift */; };
		F17E646E25D9B0EC00FFEBF4 /* NetworkHttpClient.swift in Sources */ = {isa = PBXBuildFile; fileRef = F17E646B25D9B0EC00FFEBF4 /* NetworkHttpClient.swift */; };
		F17E647425D9C27A00FFEBF4 /* User.swift in Sources */ = {isa = PBXBuildFile; fileRef = F17E647325D9C27A00FFEBF4 /* User.swift */; };
		F17E647525D9C27A00FFEBF4 /* User.swift in Sources */ = {isa = PBXBuildFile; fileRef = F17E647325D9C27A00FFEBF4 /* User.swift */; };
		F17E647625D9C27A00FFEBF4 /* User.swift in Sources */ = {isa = PBXBuildFile; fileRef = F17E647325D9C27A00FFEBF4 /* User.swift */; };
		F17E647E25D9C4D900FFEBF4 /* Constants.swift in Sources */ = {isa = PBXBuildFile; fileRef = F17E647D25D9C4D900FFEBF4 /* Constants.swift */; };
		F17E647F25D9C4D900FFEBF4 /* Constants.swift in Sources */ = {isa = PBXBuildFile; fileRef = F17E647D25D9C4D900FFEBF4 /* Constants.swift */; };
		F17E648025D9C4D900FFEBF4 /* Constants.swift in Sources */ = {isa = PBXBuildFile; fileRef = F17E647D25D9C4D900FFEBF4 /* Constants.swift */; };
		F17E648725D9D2AE00FFEBF4 /* BaseRequest.swift in Sources */ = {isa = PBXBuildFile; fileRef = F17E648525D9D2AE00FFEBF4 /* BaseRequest.swift */; };
		F17E648825D9D2AE00FFEBF4 /* BaseRequest.swift in Sources */ = {isa = PBXBuildFile; fileRef = F17E648525D9D2AE00FFEBF4 /* BaseRequest.swift */; };
		F17E649025D9DBB700FFEBF4 /* UserRequest.swift in Sources */ = {isa = PBXBuildFile; fileRef = F17E648F25D9DBB700FFEBF4 /* UserRequest.swift */; };
		F17E649125D9DBB700FFEBF4 /* UserRequest.swift in Sources */ = {isa = PBXBuildFile; fileRef = F17E648F25D9DBB700FFEBF4 /* UserRequest.swift */; };
		F17E649225D9DBB700FFEBF4 /* UserRequest.swift in Sources */ = {isa = PBXBuildFile; fileRef = F17E648F25D9DBB700FFEBF4 /* UserRequest.swift */; };
		F17E64A125D9DC6100FFEBF4 /* BaseRequest.swift in Sources */ = {isa = PBXBuildFile; fileRef = F17E648525D9D2AE00FFEBF4 /* BaseRequest.swift */; };
		F17E64A725D9DD5800FFEBF4 /* UserInterface.swift in Sources */ = {isa = PBXBuildFile; fileRef = F17E64A625D9DD5800FFEBF4 /* UserInterface.swift */; };
		F17E64A825D9DD5800FFEBF4 /* UserInterface.swift in Sources */ = {isa = PBXBuildFile; fileRef = F17E64A625D9DD5800FFEBF4 /* UserInterface.swift */; };
		F17E64A925D9DD5800FFEBF4 /* UserInterface.swift in Sources */ = {isa = PBXBuildFile; fileRef = F17E64A625D9DD5800FFEBF4 /* UserInterface.swift */; };
		F17E64B125D9E6C200FFEBF4 /* UserRequestManager.swift in Sources */ = {isa = PBXBuildFile; fileRef = F17E64B025D9E6C200FFEBF4 /* UserRequestManager.swift */; };
		F17E64B225D9E6C200FFEBF4 /* UserRequestManager.swift in Sources */ = {isa = PBXBuildFile; fileRef = F17E64B025D9E6C200FFEBF4 /* UserRequestManager.swift */; };
		F17E64B325D9E6C200FFEBF4 /* UserRequestManager.swift in Sources */ = {isa = PBXBuildFile; fileRef = F17E64B025D9E6C200FFEBF4 /* UserRequestManager.swift */; };
		F17E64BB25DB4D1700FFEBF4 /* BaseInterface.swift in Sources */ = {isa = PBXBuildFile; fileRef = F17E64BA25DB4D1700FFEBF4 /* BaseInterface.swift */; };
		F17E64BC25DB4D1700FFEBF4 /* BaseInterface.swift in Sources */ = {isa = PBXBuildFile; fileRef = F17E64BA25DB4D1700FFEBF4 /* BaseInterface.swift */; };
		F17E64BD25DB4D1700FFEBF4 /* BaseInterface.swift in Sources */ = {isa = PBXBuildFile; fileRef = F17E64BA25DB4D1700FFEBF4 /* BaseInterface.swift */; };
		F17E64C325DB514C00FFEBF4 /* Extensions.swift in Sources */ = {isa = PBXBuildFile; fileRef = F17E64C225DB514C00FFEBF4 /* Extensions.swift */; };
		F17E64C425DB514C00FFEBF4 /* Extensions.swift in Sources */ = {isa = PBXBuildFile; fileRef = F17E64C225DB514C00FFEBF4 /* Extensions.swift */; };
		F17E64C525DB514C00FFEBF4 /* Extensions.swift in Sources */ = {isa = PBXBuildFile; fileRef = F17E64C225DB514C00FFEBF4 /* Extensions.swift */; };
		F17E64E025DB776000FFEBF4 /* MenuViewController.swift in Sources */ = {isa = PBXBuildFile; fileRef = F17E64DF25DB776000FFEBF4 /* MenuViewController.swift */; };
		F17E64E125DB776000FFEBF4 /* MenuViewController.swift in Sources */ = {isa = PBXBuildFile; fileRef = F17E64DF25DB776000FFEBF4 /* MenuViewController.swift */; };
		F17E64E225DB776000FFEBF4 /* MenuViewController.swift in Sources */ = {isa = PBXBuildFile; fileRef = F17E64DF25DB776000FFEBF4 /* MenuViewController.swift */; };
		F17E64F625DB7A7E00FFEBF4 /* MenuTableViewCell.swift in Sources */ = {isa = PBXBuildFile; fileRef = F17E64F425DB7A7E00FFEBF4 /* MenuTableViewCell.swift */; };
		F17E64F725DB7A7E00FFEBF4 /* MenuTableViewCell.swift in Sources */ = {isa = PBXBuildFile; fileRef = F17E64F425DB7A7E00FFEBF4 /* MenuTableViewCell.swift */; };
		F17E64F825DB7A7E00FFEBF4 /* MenuTableViewCell.swift in Sources */ = {isa = PBXBuildFile; fileRef = F17E64F425DB7A7E00FFEBF4 /* MenuTableViewCell.swift */; };
		F17E64F925DB7A7E00FFEBF4 /* MenuTableViewCell.xib in Resources */ = {isa = PBXBuildFile; fileRef = F17E64F525DB7A7E00FFEBF4 /* MenuTableViewCell.xib */; };
		F17E64FA25DB7A7E00FFEBF4 /* MenuTableViewCell.xib in Resources */ = {isa = PBXBuildFile; fileRef = F17E64F525DB7A7E00FFEBF4 /* MenuTableViewCell.xib */; };
		F17E64FB25DB7A7E00FFEBF4 /* MenuTableViewCell.xib in Resources */ = {isa = PBXBuildFile; fileRef = F17E64F525DB7A7E00FFEBF4 /* MenuTableViewCell.xib */; };
/* End PBXBuildFile section */

/* Begin PBXContainerItemProxy section */
		F17E644325D9A80400FFEBF4 /* PBXContainerItemProxy */ = {
			isa = PBXContainerItemProxy;
			containerPortal = F17E642425D9A7FC00FFEBF4 /* Project object */;
			proxyType = 1;
			remoteGlobalIDString = F17E642B25D9A7FC00FFEBF4;
			remoteInfo = BaseProject;
		};
		F17E644E25D9A80400FFEBF4 /* PBXContainerItemProxy */ = {
			isa = PBXContainerItemProxy;
			containerPortal = F17E642425D9A7FC00FFEBF4 /* Project object */;
			proxyType = 1;
			remoteGlobalIDString = F17E642B25D9A7FC00FFEBF4;
			remoteInfo = BaseProject;
		};
/* End PBXContainerItemProxy section */

/* Begin PBXFileReference section */
		8CE10809864242D76C4CED40 /* Pods_BaseProject.framework */ = {isa = PBXFileReference; explicitFileType = wrapper.framework; includeInIndex = 0; path = Pods_BaseProject.framework; sourceTree = BUILT_PRODUCTS_DIR; };
		94468759F129D0319EE6DD77 /* Pods-BaseProject.release.xcconfig */ = {isa = PBXFileReference; includeInIndex = 1; lastKnownFileType = text.xcconfig; name = "Pods-BaseProject.release.xcconfig"; path = "Target Support Files/Pods-BaseProject/Pods-BaseProject.release.xcconfig"; sourceTree = "<group>"; };
		A2C07742AC1BDEFD6E0E39B2 /* Pods-BaseProject.debug.xcconfig */ = {isa = PBXFileReference; includeInIndex = 1; lastKnownFileType = text.xcconfig; name = "Pods-BaseProject.debug.xcconfig"; path = "Target Support Files/Pods-BaseProject/Pods-BaseProject.debug.xcconfig"; sourceTree = "<group>"; };
		F17E642C25D9A7FC00FFEBF4 /* SwiftBaseProject.app */ = {isa = PBXFileReference; explicitFileType = wrapper.application; includeInIndex = 0; path = SwiftBaseProject.app; sourceTree = BUILT_PRODUCTS_DIR; };
		F17E642F25D9A7FC00FFEBF4 /* AppDelegate.swift */ = {isa = PBXFileReference; lastKnownFileType = sourcecode.swift; path = AppDelegate.swift; sourceTree = "<group>"; };
		F17E643125D9A7FC00FFEBF4 /* SceneDelegate.swift */ = {isa = PBXFileReference; lastKnownFileType = sourcecode.swift; path = SceneDelegate.swift; sourceTree = "<group>"; };
		F17E643325D9A7FC00FFEBF4 /* ViewController.swift */ = {isa = PBXFileReference; lastKnownFileType = sourcecode.swift; path = ViewController.swift; sourceTree = "<group>"; };
		F17E643625D9A7FC00FFEBF4 /* Base */ = {isa = PBXFileReference; lastKnownFileType = file.storyboard; name = Base; path = Base.lproj/Main.storyboard; sourceTree = "<group>"; };
		F17E643825D9A80300FFEBF4 /* Assets.xcassets */ = {isa = PBXFileReference; lastKnownFileType = folder.assetcatalog; path = Assets.xcassets; sourceTree = "<group>"; };
		F17E643B25D9A80300FFEBF4 /* Base */ = {isa = PBXFileReference; lastKnownFileType = file.storyboard; name = Base; path = Base.lproj/LaunchScreen.storyboard; sourceTree = "<group>"; };
		F17E643D25D9A80300FFEBF4 /* Info.plist */ = {isa = PBXFileReference; lastKnownFileType = text.plist.xml; path = Info.plist; sourceTree = "<group>"; };
		F17E644225D9A80400FFEBF4 /* SwiftBaseProjectTests.xctest */ = {isa = PBXFileReference; explicitFileType = wrapper.cfbundle; includeInIndex = 0; path = SwiftBaseProjectTests.xctest; sourceTree = BUILT_PRODUCTS_DIR; };
		F17E644625D9A80400FFEBF4 /* BaseProjectTests.swift */ = {isa = PBXFileReference; lastKnownFileType = sourcecode.swift; path = BaseProjectTests.swift; sourceTree = "<group>"; };
		F17E644825D9A80400FFEBF4 /* Info.plist */ = {isa = PBXFileReference; lastKnownFileType = text.plist.xml; path = Info.plist; sourceTree = "<group>"; };
		F17E644D25D9A80400FFEBF4 /* SwiftBaseProjectUITests.xctest */ = {isa = PBXFileReference; explicitFileType = wrapper.cfbundle; includeInIndex = 0; path = SwiftBaseProjectUITests.xctest; sourceTree = BUILT_PRODUCTS_DIR; };
		F17E645125D9A80400FFEBF4 /* BaseProjectUITests.swift */ = {isa = PBXFileReference; lastKnownFileType = sourcecode.swift; path = BaseProjectUITests.swift; sourceTree = "<group>"; };
		F17E645325D9A80400FFEBF4 /* Info.plist */ = {isa = PBXFileReference; lastKnownFileType = text.plist.xml; path = Info.plist; sourceTree = "<group>"; };
		F17E646B25D9B0EC00FFEBF4 /* NetworkHttpClient.swift */ = {isa = PBXFileReference; lastKnownFileType = sourcecode.swift; path = NetworkHttpClient.swift; sourceTree = "<group>"; };
		F17E647325D9C27A00FFEBF4 /* User.swift */ = {isa = PBXFileReference; lastKnownFileType = sourcecode.swift; path = User.swift; sourceTree = "<group>"; };
		F17E647D25D9C4D900FFEBF4 /* Constants.swift */ = {isa = PBXFileReference; lastKnownFileType = sourcecode.swift; path = Constants.swift; sourceTree = "<group>"; };
		F17E648525D9D2AE00FFEBF4 /* BaseRequest.swift */ = {isa = PBXFileReference; lastKnownFileType = sourcecode.swift; path = BaseRequest.swift; sourceTree = "<group>"; };
		F17E648F25D9DBB700FFEBF4 /* UserRequest.swift */ = {isa = PBXFileReference; lastKnownFileType = sourcecode.swift; path = UserRequest.swift; sourceTree = "<group>"; };
		F17E64A625D9DD5800FFEBF4 /* UserInterface.swift */ = {isa = PBXFileReference; lastKnownFileType = sourcecode.swift; path = UserInterface.swift; sourceTree = "<group>"; };
		F17E64B025D9E6C200FFEBF4 /* UserRequestManager.swift */ = {isa = PBXFileReference; lastKnownFileType = sourcecode.swift; path = UserRequestManager.swift; sourceTree = "<group>"; };
		F17E64BA25DB4D1700FFEBF4 /* BaseInterface.swift */ = {isa = PBXFileReference; lastKnownFileType = sourcecode.swift; path = BaseInterface.swift; sourceTree = "<group>"; };
		F17E64C225DB514C00FFEBF4 /* Extensions.swift */ = {isa = PBXFileReference; lastKnownFileType = sourcecode.swift; path = Extensions.swift; sourceTree = "<group>"; };
		F17E64DF25DB776000FFEBF4 /* MenuViewController.swift */ = {isa = PBXFileReference; lastKnownFileType = sourcecode.swift; path = MenuViewController.swift; sourceTree = "<group>"; };
		F17E64F425DB7A7E00FFEBF4 /* MenuTableViewCell.swift */ = {isa = PBXFileReference; lastKnownFileType = sourcecode.swift; path = MenuTableViewCell.swift; sourceTree = "<group>"; };
		F17E64F525DB7A7E00FFEBF4 /* MenuTableViewCell.xib */ = {isa = PBXFileReference; lastKnownFileType = file.xib; path = MenuTableViewCell.xib; sourceTree = "<group>"; };
/* End PBXFileReference section */

/* Begin PBXFrameworksBuildPhase section */
		F17E642925D9A7FC00FFEBF4 /* Frameworks */ = {
			isa = PBXFrameworksBuildPhase;
			buildActionMask = 2147483647;
			files = (
				135F1A376C27A0511DBF4E9F /* Pods_BaseProject.framework in Frameworks */,
			);
			runOnlyForDeploymentPostprocessing = 0;
		};
		F17E643F25D9A80400FFEBF4 /* Frameworks */ = {
			isa = PBXFrameworksBuildPhase;
			buildActionMask = 2147483647;
			files = (
			);
			runOnlyForDeploymentPostprocessing = 0;
		};
		F17E644A25D9A80400FFEBF4 /* Frameworks */ = {
			isa = PBXFrameworksBuildPhase;
			buildActionMask = 2147483647;
			files = (
			);
			runOnlyForDeploymentPostprocessing = 0;
		};
/* End PBXFrameworksBuildPhase section */

/* Begin PBXGroup section */
		5013CA149299512EC4D0AF5B /* Pods */ = {
			isa = PBXGroup;
			children = (
				A2C07742AC1BDEFD6E0E39B2 /* Pods-BaseProject.debug.xcconfig */,
				94468759F129D0319EE6DD77 /* Pods-BaseProject.release.xcconfig */,
			);
			path = Pods;
			sourceTree = "<group>";
		};
		657981CA2E76196F11927426 /* Frameworks */ = {
			isa = PBXGroup;
			children = (
				8CE10809864242D76C4CED40 /* Pods_BaseProject.framework */,
			);
			name = Frameworks;
			sourceTree = "<group>";
		};
		F17E642325D9A7FC00FFEBF4 = {
			isa = PBXGroup;
			children = (
				F17E642E25D9A7FC00FFEBF4 /* BaseProject */,
				F17E644525D9A80400FFEBF4 /* BaseProjectTests */,
				F17E645025D9A80400FFEBF4 /* BaseProjectUITests */,
				F17E642D25D9A7FC00FFEBF4 /* Products */,
				5013CA149299512EC4D0AF5B /* Pods */,
				657981CA2E76196F11927426 /* Frameworks */,
			);
			sourceTree = "<group>";
		};
		F17E642D25D9A7FC00FFEBF4 /* Products */ = {
			isa = PBXGroup;
			children = (
				F17E642C25D9A7FC00FFEBF4 /* SwiftBaseProject.app */,
				F17E644225D9A80400FFEBF4 /* SwiftBaseProjectTests.xctest */,
				F17E644D25D9A80400FFEBF4 /* SwiftBaseProjectUITests.xctest */,
			);
			name = Products;
			sourceTree = "<group>";
		};
		F17E642E25D9A7FC00FFEBF4 /* BaseProject */ = {
			isa = PBXGroup;
			children = (
				F17E642F25D9A7FC00FFEBF4 /* AppDelegate.swift */,
				F17E643125D9A7FC00FFEBF4 /* SceneDelegate.swift */,
				F17E647D25D9C4D900FFEBF4 /* Constants.swift */,
				F17E643325D9A7FC00FFEBF4 /* ViewController.swift */,
				F17E64DF25DB776000FFEBF4 /* MenuViewController.swift */,
				F17E64E625DB77D100FFEBF4 /* TableViewCells */,
				F17E64C125DB513C00FFEBF4 /* Utility */,
				F17E648425D9D28500FFEBF4 /* Requests */,
				F17E64A525D9DD4900FFEBF4 /* Interfaces */,
				F17E647225D9C25C00FFEBF4 /* Models */,
				F17E646225D9AD4D00FFEBF4 /* NetworkManager */,
				F17E643525D9A7FC00FFEBF4 /* Main.storyboard */,
				F17E643825D9A80300FFEBF4 /* Assets.xcassets */,
				F17E643A25D9A80300FFEBF4 /* LaunchScreen.storyboard */,
				F17E643D25D9A80300FFEBF4 /* Info.plist */,
			);
			path = BaseProject;
			sourceTree = "<group>";
		};
		F17E644525D9A80400FFEBF4 /* BaseProjectTests */ = {
			isa = PBXGroup;
			children = (
				F17E644625D9A80400FFEBF4 /* BaseProjectTests.swift */,
				F17E644825D9A80400FFEBF4 /* Info.plist */,
			);
			path = BaseProjectTests;
			sourceTree = "<group>";
		};
		F17E645025D9A80400FFEBF4 /* BaseProjectUITests */ = {
			isa = PBXGroup;
			children = (
				F17E645125D9A80400FFEBF4 /* BaseProjectUITests.swift */,
				F17E645325D9A80400FFEBF4 /* Info.plist */,
			);
			path = BaseProjectUITests;
			sourceTree = "<group>";
		};
		F17E646225D9AD4D00FFEBF4 /* NetworkManager */ = {
			isa = PBXGroup;
			children = (
				F17E646B25D9B0EC00FFEBF4 /* NetworkHttpClient.swift */,
				F17E64B025D9E6C200FFEBF4 /* UserRequestManager.swift */,
			);
			path = NetworkManager;
			sourceTree = "<group>";
		};
		F17E647225D9C25C00FFEBF4 /* Models */ = {
			isa = PBXGroup;
			children = (
				F17E647325D9C27A00FFEBF4 /* User.swift */,
			);
			path = Models;
			sourceTree = "<group>";
		};
		F17E648425D9D28500FFEBF4 /* Requests */ = {
			isa = PBXGroup;
			children = (
				F17E648525D9D2AE00FFEBF4 /* BaseRequest.swift */,
				F17E648F25D9DBB700FFEBF4 /* UserRequest.swift */,
			);
			path = Requests;
			sourceTree = "<group>";
		};
		F17E64A525D9DD4900FFEBF4 /* Interfaces */ = {
			isa = PBXGroup;
			children = (
				F17E64A625D9DD5800FFEBF4 /* UserInterface.swift */,
				F17E64BA25DB4D1700FFEBF4 /* BaseInterface.swift */,
			);
			path = Interfaces;
			sourceTree = "<group>";
		};
		F17E64C125DB513C00FFEBF4 /* Utility */ = {
			isa = PBXGroup;
			children = (
				F17E64C225DB514C00FFEBF4 /* Extensions.swift */,
			);
			path = Utility;
			sourceTree = "<group>";
		};
		F17E64E625DB77D100FFEBF4 /* TableViewCells */ = {
			isa = PBXGroup;
			children = (
				F17E64F425DB7A7E00FFEBF4 /* MenuTableViewCell.swift */,
				F17E64F525DB7A7E00FFEBF4 /* MenuTableViewCell.xib */,
			);
			path = TableViewCells;
			sourceTree = "<group>";
		};
/* End PBXGroup section */

/* Begin PBXNativeTarget section */
		F17E642B25D9A7FC00FFEBF4 /* SwiftBaseProject */ = {
			isa = PBXNativeTarget;
			buildConfigurationList = F17E645625D9A80400FFEBF4 /* Build configuration list for PBXNativeTarget "SwiftBaseProject" */;
			buildPhases = (
				8179C491DCD5EF8DA450D202 /* [CP] Check Pods Manifest.lock */,
				F17E642825D9A7FC00FFEBF4 /* Sources */,
				F17E642925D9A7FC00FFEBF4 /* Frameworks */,
				F17E642A25D9A7FC00FFEBF4 /* Resources */,
				451B881B4D4AB96563C08B3A /* [CP] Embed Pods Frameworks */,
			);
			buildRules = (
			);
			dependencies = (
			);
			name = SwiftBaseProject;
			productName = BaseProject;
			productReference = F17E642C25D9A7FC00FFEBF4 /* SwiftBaseProject.app */;
			productType = "com.apple.product-type.application";
		};
		F17E644125D9A80400FFEBF4 /* SwiftBaseProjectTests */ = {
			isa = PBXNativeTarget;
			buildConfigurationList = F17E645925D9A80400FFEBF4 /* Build configuration list for PBXNativeTarget "SwiftBaseProjectTests" */;
			buildPhases = (
				F17E643E25D9A80400FFEBF4 /* Sources */,
				F17E643F25D9A80400FFEBF4 /* Frameworks */,
				F17E644025D9A80400FFEBF4 /* Resources */,
			);
			buildRules = (
			);
			dependencies = (
				F17E644425D9A80400FFEBF4 /* PBXTargetDependency */,
			);
			name = SwiftBaseProjectTests;
			productName = BaseProjectTests;
			productReference = F17E644225D9A80400FFEBF4 /* SwiftBaseProjectTests.xctest */;
			productType = "com.apple.product-type.bundle.unit-test";
		};
		F17E644C25D9A80400FFEBF4 /* SwiftBaseProjectUITests */ = {
			isa = PBXNativeTarget;
			buildConfigurationList = F17E645C25D9A80400FFEBF4 /* Build configuration list for PBXNativeTarget "SwiftBaseProjectUITests" */;
			buildPhases = (
				F17E644925D9A80400FFEBF4 /* Sources */,
				F17E644A25D9A80400FFEBF4 /* Frameworks */,
				F17E644B25D9A80400FFEBF4 /* Resources */,
			);
			buildRules = (
			);
			dependencies = (
				F17E644F25D9A80400FFEBF4 /* PBXTargetDependency */,
			);
			name = SwiftBaseProjectUITests;
			productName = BaseProjectUITests;
			productReference = F17E644D25D9A80400FFEBF4 /* SwiftBaseProjectUITests.xctest */;
			productType = "com.apple.product-type.bundle.ui-testing";
		};
/* End PBXNativeTarget section */

/* Begin PBXProject section */
		F17E642425D9A7FC00FFEBF4 /* Project object */ = {
			isa = PBXProject;
			attributes = {
				LastSwiftUpdateCheck = 1240;
				LastUpgradeCheck = 1240;
				TargetAttributes = {
					F17E642B25D9A7FC00FFEBF4 = {
						CreatedOnToolsVersion = 12.4;
					};
					F17E644125D9A80400FFEBF4 = {
						CreatedOnToolsVersion = 12.4;
						TestTargetID = F17E642B25D9A7FC00FFEBF4;
					};
					F17E644C25D9A80400FFEBF4 = {
						CreatedOnToolsVersion = 12.4;
						TestTargetID = F17E642B25D9A7FC00FFEBF4;
					};
				};
			};
			buildConfigurationList = F17E642725D9A7FC00FFEBF4 /* Build configuration list for PBXProject "SwiftBaseProject" */;
			compatibilityVersion = "Xcode 9.3";
			developmentRegion = en;
			hasScannedForEncodings = 0;
			knownRegions = (
				en,
				Base,
			);
			mainGroup = F17E642325D9A7FC00FFEBF4;
			productRefGroup = F17E642D25D9A7FC00FFEBF4 /* Products */;
			projectDirPath = "";
			projectRoot = "";
			targets = (
				F17E642B25D9A7FC00FFEBF4 /* SwiftBaseProject */,
				F17E644125D9A80400FFEBF4 /* SwiftBaseProjectTests */,
				F17E644C25D9A80400FFEBF4 /* SwiftBaseProjectUITests */,
			);
		};
/* End PBXProject section */

/* Begin PBXResourcesBuildPhase section */
		F17E642A25D9A7FC00FFEBF4 /* Resources */ = {
			isa = PBXResourcesBuildPhase;
			buildActionMask = 2147483647;
			files = (
				F17E643C25D9A80300FFEBF4 /* LaunchScreen.storyboard in Resources */,
				F17E643925D9A80300FFEBF4 /* Assets.xcassets in Resources */,
				F17E64F925DB7A7E00FFEBF4 /* MenuTableViewCell.xib in Resources */,
				F17E643725D9A7FC00FFEBF4 /* Main.storyboard in Resources */,
			);
			runOnlyForDeploymentPostprocessing = 0;
		};
		F17E644025D9A80400FFEBF4 /* Resources */ = {
			isa = PBXResourcesBuildPhase;
			buildActionMask = 2147483647;
			files = (
				F17E64FA25DB7A7E00FFEBF4 /* MenuTableViewCell.xib in Resources */,
			);
			runOnlyForDeploymentPostprocessing = 0;
		};
		F17E644B25D9A80400FFEBF4 /* Resources */ = {
			isa = PBXResourcesBuildPhase;
			buildActionMask = 2147483647;
			files = (
				F17E64FB25DB7A7E00FFEBF4 /* MenuTableViewCell.xib in Resources */,
			);
			runOnlyForDeploymentPostprocessing = 0;
		};
/* End PBXResourcesBuildPhase section */

/* Begin PBXShellScriptBuildPhase section */
		451B881B4D4AB96563C08B3A /* [CP] Embed Pods Frameworks */ = {
			isa = PBXShellScriptBuildPhase;
			buildActionMask = 2147483647;
			files = (
			);
			inputFileListPaths = (
				"${PODS_ROOT}/Target Support Files/Pods-BaseProject/Pods-BaseProject-frameworks-${CONFIGURATION}-input-files.xcfilelist",
			);
			name = "[CP] Embed Pods Frameworks";
			outputFileListPaths = (
				"${PODS_ROOT}/Target Support Files/Pods-BaseProject/Pods-BaseProject-frameworks-${CONFIGURATION}-output-files.xcfilelist",
			);
			runOnlyForDeploymentPostprocessing = 0;
			shellPath = /bin/sh;
			shellScript = "\"${PODS_ROOT}/Target Support Files/Pods-BaseProject/Pods-BaseProject-frameworks.sh\"\n";
			showEnvVarsInLog = 0;
		};
		8179C491DCD5EF8DA450D202 /* [CP] Check Pods Manifest.lock */ = {
			isa = PBXShellScriptBuildPhase;
			buildActionMask = 2147483647;
			files = (
			);
			inputFileListPaths = (
			);
			inputPaths = (
				"${PODS_PODFILE_DIR_PATH}/Podfile.lock",
				"${PODS_ROOT}/Manifest.lock",
			);
			name = "[CP] Check Pods Manifest.lock";
			outputFileListPaths = (
			);
			outputPaths = (
				"$(DERIVED_FILE_DIR)/Pods-BaseProject-checkManifestLockResult.txt",
			);
			runOnlyForDeploymentPostprocessing = 0;
			shellPath = /bin/sh;
			shellScript = "diff \"${PODS_PODFILE_DIR_PATH}/Podfile.lock\" \"${PODS_ROOT}/Manifest.lock\" > /dev/null\nif [ $? != 0 ] ; then\n    # print error to STDERR\n    echo \"error: The sandbox is not in sync with the Podfile.lock. Run 'pod install' or update your CocoaPods installation.\" >&2\n    exit 1\nfi\n# This output is used by Xcode 'outputs' to avoid re-running this script phase.\necho \"SUCCESS\" > \"${SCRIPT_OUTPUT_FILE_0}\"\n";
			showEnvVarsInLog = 0;
		};
/* End PBXShellScriptBuildPhase section */

/* Begin PBXSourcesBuildPhase section */
		F17E642825D9A7FC00FFEBF4 /* Sources */ = {
			isa = PBXSourcesBuildPhase;
			buildActionMask = 2147483647;
			files = (
				F17E64A125D9DC6100FFEBF4 /* BaseRequest.swift in Sources */,
				F17E643425D9A7FC00FFEBF4 /* ViewController.swift in Sources */,
				F17E64F625DB7A7E00FFEBF4 /* MenuTableViewCell.swift in Sources */,
				F17E643025D9A7FC00FFEBF4 /* AppDelegate.swift in Sources */,
				F17E643225D9A7FC00FFEBF4 /* SceneDelegate.swift in Sources */,
				F17E647425D9C27A00FFEBF4 /* User.swift in Sources */,
				F17E64BB25DB4D1700FFEBF4 /* BaseInterface.swift in Sources */,
				F17E649025D9DBB700FFEBF4 /* UserRequest.swift in Sources */,
				F17E64E025DB776000FFEBF4 /* MenuViewController.swift in Sources */,
				F17E64C325DB514C00FFEBF4 /* Extensions.swift in Sources */,
				F17E646C25D9B0EC00FFEBF4 /* NetworkHttpClient.swift in Sources */,
				F17E64A725D9DD5800FFEBF4 /* UserInterface.swift in Sources */,
				F17E64B125D9E6C200FFEBF4 /* UserRequestManager.swift in Sources */,
				F17E647E25D9C4D900FFEBF4 /* Constants.swift in Sources */,
			);
			runOnlyForDeploymentPostprocessing = 0;
		};
		F17E643E25D9A80400FFEBF4 /* Sources */ = {
			isa = PBXSourcesBuildPhase;
			buildActionMask = 2147483647;
			files = (
				F17E644725D9A80400FFEBF4 /* BaseProjectTests.swift in Sources */,
				F17E646D25D9B0EC00FFEBF4 /* NetworkHttpClient.swift in Sources */,
				F17E64F725DB7A7E00FFEBF4 /* MenuTableViewCell.swift in Sources */,
				F17E649125D9DBB700FFEBF4 /* UserRequest.swift in Sources */,
				F17E648725D9D2AE00FFEBF4 /* BaseRequest.swift in Sources */,
				F17E64E125DB776000FFEBF4 /* MenuViewController.swift in Sources */,
				F17E647525D9C27A00FFEBF4 /* User.swift in Sources */,
				F17E64C425DB514C00FFEBF4 /* Extensions.swift in Sources */,
				F17E64A825D9DD5800FFEBF4 /* UserInterface.swift in Sources */,
				F17E64B225D9E6C200FFEBF4 /* UserRequestManager.swift in Sources */,
				F17E64BC25DB4D1700FFEBF4 /* BaseInterface.swift in Sources */,
				F17E647F25D9C4D900FFEBF4 /* Constants.swift in Sources */,
			);
			runOnlyForDeploymentPostprocessing = 0;
		};
		F17E644925D9A80400FFEBF4 /* Sources */ = {
			isa = PBXSourcesBuildPhase;
			buildActionMask = 2147483647;
			files = (
				F17E645225D9A80400FFEBF4 /* BaseProjectUITests.swift in Sources */,
				F17E646E25D9B0EC00FFEBF4 /* NetworkHttpClient.swift in Sources */,
				F17E64F825DB7A7E00FFEBF4 /* MenuTableViewCell.swift in Sources */,
				F17E649225D9DBB700FFEBF4 /* UserRequest.swift in Sources */,
				F17E648825D9D2AE00FFEBF4 /* BaseRequest.swift in Sources */,
				F17E64E225DB776000FFEBF4 /* MenuViewController.swift in Sources */,
				F17E647625D9C27A00FFEBF4 /* User.swift in Sources */,
				F17E64C525DB514C00FFEBF4 /* Extensions.swift in Sources */,
				F17E64A925D9DD5800FFEBF4 /* UserInterface.swift in Sources */,
				F17E64B325D9E6C200FFEBF4 /* UserRequestManager.swift in Sources */,
				F17E64BD25DB4D1700FFEBF4 /* BaseInterface.swift in Sources */,
				F17E648025D9C4D900FFEBF4 /* Constants.swift in Sources */,
			);
			runOnlyForDeploymentPostprocessing = 0;
		};
/* End PBXSourcesBuildPhase section */

/* Begin PBXTargetDependency section */
		F17E644425D9A80400FFEBF4 /* PBXTargetDependency */ = {
			isa = PBXTargetDependency;
			target = F17E642B25D9A7FC00FFEBF4 /* SwiftBaseProject */;
			targetProxy = F17E644325D9A80400FFEBF4 /* PBXContainerItemProxy */;
		};
		F17E644F25D9A80400FFEBF4 /* PBXTargetDependency */ = {
			isa = PBXTargetDependency;
			target = F17E642B25D9A7FC00FFEBF4 /* SwiftBaseProject */;
			targetProxy = F17E644E25D9A80400FFEBF4 /* PBXContainerItemProxy */;
		};
/* End PBXTargetDependency section */

/* Begin PBXVariantGroup section */
		F17E643525D9A7FC00FFEBF4 /* Main.storyboard */ = {
			isa = PBXVariantGroup;
			children = (
				F17E643625D9A7FC00FFEBF4 /* Base */,
			);
			name = Main.storyboard;
			sourceTree = "<group>";
		};
		F17E643A25D9A80300FFEBF4 /* LaunchScreen.storyboard */ = {
			isa = PBXVariantGroup;
			children = (
				F17E643B25D9A80300FFEBF4 /* Base */,
			);
			name = LaunchScreen.storyboard;
			sourceTree = "<group>";
		};
/* End PBXVariantGroup section */

/* Begin XCBuildConfiguration section */
		F17E645425D9A80400FFEBF4 /* Debug */ = {
			isa = XCBuildConfiguration;
			buildSettings = {
				ALWAYS_SEARCH_USER_PATHS = NO;
				CLANG_ANALYZER_NONNULL = YES;
				CLANG_ANALYZER_NUMBER_OBJECT_CONVERSION = YES_AGGRESSIVE;
				CLANG_CXX_LANGUAGE_STANDARD = "gnu++14";
				CLANG_CXX_LIBRARY = "libc++";
				CLANG_ENABLE_MODULES = YES;
				CLANG_ENABLE_OBJC_ARC = YES;
				CLANG_ENABLE_OBJC_WEAK = YES;
				CLANG_WARN_BLOCK_CAPTURE_AUTORELEASING = YES;
				CLANG_WARN_BOOL_CONVERSION = YES;
				CLANG_WARN_COMMA = YES;
				CLANG_WARN_CONSTANT_CONVERSION = YES;
				CLANG_WARN_DEPRECATED_OBJC_IMPLEMENTATIONS = YES;
				CLANG_WARN_DIRECT_OBJC_ISA_USAGE = YES_ERROR;
				CLANG_WARN_DOCUMENTATION_COMMENTS = YES;
				CLANG_WARN_EMPTY_BODY = YES;
				CLANG_WARN_ENUM_CONVERSION = YES;
				CLANG_WARN_INFINITE_RECURSION = YES;
				CLANG_WARN_INT_CONVERSION = YES;
				CLANG_WARN_NON_LITERAL_NULL_CONVERSION = YES;
				CLANG_WARN_OBJC_IMPLICIT_RETAIN_SELF = YES;
				CLANG_WARN_OBJC_LITERAL_CONVERSION = YES;
				CLANG_WARN_OBJC_ROOT_CLASS = YES_ERROR;
				CLANG_WARN_QUOTED_INCLUDE_IN_FRAMEWORK_HEADER = YES;
				CLANG_WARN_RANGE_LOOP_ANALYSIS = YES;
				CLANG_WARN_STRICT_PROTOTYPES = YES;
				CLANG_WARN_SUSPICIOUS_MOVE = YES;
				CLANG_WARN_UNGUARDED_AVAILABILITY = YES_AGGRESSIVE;
				CLANG_WARN_UNREACHABLE_CODE = YES;
				CLANG_WARN__DUPLICATE_METHOD_MATCH = YES;
				COPY_PHASE_STRIP = NO;
				DEBUG_INFORMATION_FORMAT = dwarf;
				ENABLE_STRICT_OBJC_MSGSEND = YES;
				ENABLE_TESTABILITY = YES;
				GCC_C_LANGUAGE_STANDARD = gnu11;
				GCC_DYNAMIC_NO_PIC = NO;
				GCC_NO_COMMON_BLOCKS = YES;
				GCC_OPTIMIZATION_LEVEL = 0;
				GCC_PREPROCESSOR_DEFINITIONS = (
					"DEBUG=1",
					"$(inherited)",
				);
				GCC_WARN_64_TO_32_BIT_CONVERSION = YES;
				GCC_WARN_ABOUT_RETURN_TYPE = YES_ERROR;
				GCC_WARN_UNDECLARED_SELECTOR = YES;
				GCC_WARN_UNINITIALIZED_AUTOS = YES_AGGRESSIVE;
				GCC_WARN_UNUSED_FUNCTION = YES;
				GCC_WARN_UNUSED_VARIABLE = YES;
				IPHONEOS_DEPLOYMENT_TARGET = 14.4;
				MTL_ENABLE_DEBUG_INFO = INCLUDE_SOURCE;
				MTL_FAST_MATH = YES;
				ONLY_ACTIVE_ARCH = YES;
				SDKROOT = iphoneos;
				SWIFT_ACTIVE_COMPILATION_CONDITIONS = DEBUG;
				SWIFT_OPTIMIZATION_LEVEL = "-Onone";
			};
			name = Debug;
		};
		F17E645525D9A80400FFEBF4 /* Release */ = {
			isa = XCBuildConfiguration;
			buildSettings = {
				ALWAYS_SEARCH_USER_PATHS = NO;
				CLANG_ANALYZER_NONNULL = YES;
				CLANG_ANALYZER_NUMBER_OBJECT_CONVERSION = YES_AGGRESSIVE;
				CLANG_CXX_LANGUAGE_STANDARD = "gnu++14";
				CLANG_CXX_LIBRARY = "libc++";
				CLANG_ENABLE_MODULES = YES;
				CLANG_ENABLE_OBJC_ARC = YES;
				CLANG_ENABLE_OBJC_WEAK = YES;
				CLANG_WARN_BLOCK_CAPTURE_AUTORELEASING = YES;
				CLANG_WARN_BOOL_CONVERSION = YES;
				CLANG_WARN_COMMA = YES;
				CLANG_WARN_CONSTANT_CONVERSION = YES;
				CLANG_WARN_DEPRECATED_OBJC_IMPLEMENTATIONS = YES;
				CLANG_WARN_DIRECT_OBJC_ISA_USAGE = YES_ERROR;
				CLANG_WARN_DOCUMENTATION_COMMENTS = YES;
				CLANG_WARN_EMPTY_BODY = YES;
				CLANG_WARN_ENUM_CONVERSION = YES;
				CLANG_WARN_INFINITE_RECURSION = YES;
				CLANG_WARN_INT_CONVERSION = YES;
				CLANG_WARN_NON_LITERAL_NULL_CONVERSION = YES;
				CLANG_WARN_OBJC_IMPLICIT_RETAIN_SELF = YES;
				CLANG_WARN_OBJC_LITERAL_CONVERSION = YES;
				CLANG_WARN_OBJC_ROOT_CLASS = YES_ERROR;
				CLANG_WARN_QUOTED_INCLUDE_IN_FRAMEWORK_HEADER = YES;
				CLANG_WARN_RANGE_LOOP_ANALYSIS = YES;
				CLANG_WARN_STRICT_PROTOTYPES = YES;
				CLANG_WARN_SUSPICIOUS_MOVE = YES;
				CLANG_WARN_UNGUARDED_AVAILABILITY = YES_AGGRESSIVE;
				CLANG_WARN_UNREACHABLE_CODE = YES;
				CLANG_WARN__DUPLICATE_METHOD_MATCH = YES;
				COPY_PHASE_STRIP = NO;
				DEBUG_INFORMATION_FORMAT = "dwarf-with-dsym";
				ENABLE_NS_ASSERTIONS = NO;
				ENABLE_STRICT_OBJC_MSGSEND = YES;
				GCC_C_LANGUAGE_STANDARD = gnu11;
				GCC_NO_COMMON_BLOCKS = YES;
				GCC_WARN_64_TO_32_BIT_CONVERSION = YES;
				GCC_WARN_ABOUT_RETURN_TYPE = YES_ERROR;
				GCC_WARN_UNDECLARED_SELECTOR = YES;
				GCC_WARN_UNINITIALIZED_AUTOS = YES_AGGRESSIVE;
				GCC_WARN_UNUSED_FUNCTION = YES;
				GCC_WARN_UNUSED_VARIABLE = YES;
				IPHONEOS_DEPLOYMENT_TARGET = 14.4;
				MTL_ENABLE_DEBUG_INFO = NO;
				MTL_FAST_MATH = YES;
				SDKROOT = iphoneos;
				SWIFT_COMPILATION_MODE = wholemodule;
				SWIFT_OPTIMIZATION_LEVEL = "-O";
				VALIDATE_PRODUCT = YES;
			};
			name = Release;
		};
		F17E645725D9A80400FFEBF4 /* Debug */ = {
			isa = XCBuildConfiguration;
			baseConfigurationReference = A2C07742AC1BDEFD6E0E39B2 /* Pods-BaseProject.debug.xcconfig */;
			buildSettings = {
				ASSETCATALOG_COMPILER_APPICON_NAME = AppIcon;
				ASSETCATALOG_COMPILER_GLOBAL_ACCENT_COLOR_NAME = AccentColor;
				CODE_SIGN_STYLE = Automatic;
				DEVELOPMENT_TEAM = 4ZYQ2RHSQZ;
				INFOPLIST_FILE = BaseProject/Info.plist;
				LD_RUNPATH_SEARCH_PATHS = (
					"$(inherited)",
					"@executable_path/Frameworks",
				);
				PRODUCT_BUNDLE_IDENTIFIER = xT9Org.BaseProject;
				PRODUCT_NAME = "$(TARGET_NAME)";
				SWIFT_VERSION = 5.0;
				TARGETED_DEVICE_FAMILY = "1,2";
			};
			name = Debug;
		};
		F17E645825D9A80400FFEBF4 /* Release */ = {
			isa = XCBuildConfiguration;
			baseConfigurationReference = 94468759F129D0319EE6DD77 /* Pods-BaseProject.release.xcconfig */;
			buildSettings = {
				ASSETCATALOG_COMPILER_APPICON_NAME = AppIcon;
				ASSETCATALOG_COMPILER_GLOBAL_ACCENT_COLOR_NAME = AccentColor;
				CODE_SIGN_STYLE = Automatic;
				DEVELOPMENT_TEAM = 4ZYQ2RHSQZ;
				INFOPLIST_FILE = BaseProject/Info.plist;
				LD_RUNPATH_SEARCH_PATHS = (
					"$(inherited)",
					"@executable_path/Frameworks",
				);
				PRODUCT_BUNDLE_IDENTIFIER = xT9Org.BaseProject;
				PRODUCT_NAME = "$(TARGET_NAME)";
				SWIFT_VERSION = 5.0;
				TARGETED_DEVICE_FAMILY = "1,2";
			};
			name = Release;
		};
		F17E645A25D9A80400FFEBF4 /* Debug */ = {
			isa = XCBuildConfiguration;
			buildSettings = {
				ALWAYS_EMBED_SWIFT_STANDARD_LIBRARIES = YES;
				BUNDLE_LOADER = "$(TEST_HOST)";
				CODE_SIGN_STYLE = Automatic;
				DEVELOPMENT_TEAM = 4ZYQ2RHSQZ;
				INFOPLIST_FILE = BaseProjectTests/Info.plist;
				IPHONEOS_DEPLOYMENT_TARGET = 14.4;
				LD_RUNPATH_SEARCH_PATHS = (
					"$(inherited)",
					"@executable_path/Frameworks",
					"@loader_path/Frameworks",
				);
				PRODUCT_BUNDLE_IDENTIFIER = xT9Org.BaseProjectTests;
				PRODUCT_NAME = "$(TARGET_NAME)";
				SWIFT_VERSION = 5.0;
				TARGETED_DEVICE_FAMILY = "1,2";
				TEST_HOST = "$(BUILT_PRODUCTS_DIR)/SwiftBaseProject.app/SwiftBaseProject";
			};
			name = Debug;
		};
		F17E645B25D9A80400FFEBF4 /* Release */ = {
			isa = XCBuildConfiguration;
			buildSettings = {
				ALWAYS_EMBED_SWIFT_STANDARD_LIBRARIES = YES;
				BUNDLE_LOADER = "$(TEST_HOST)";
				CODE_SIGN_STYLE = Automatic;
				DEVELOPMENT_TEAM = 4ZYQ2RHSQZ;
				INFOPLIST_FILE = BaseProjectTests/Info.plist;
				IPHONEOS_DEPLOYMENT_TARGET = 14.4;
				LD_RUNPATH_SEARCH_PATHS = (
					"$(inherited)",
					"@executable_path/Frameworks",
					"@loader_path/Frameworks",
				);
				PRODUCT_BUNDLE_IDENTIFIER = xT9Org.BaseProjectTests;
				PRODUCT_NAME = "$(TARGET_NAME)";
				SWIFT_VERSION = 5.0;
				TARGETED_DEVICE_FAMILY = "1,2";
				TEST_HOST = "$(BUILT_PRODUCTS_DIR)/SwiftBaseProject.app/SwiftBaseProject";
			};
			name = Release;
		};
		F17E645D25D9A80400FFEBF4 /* Debug */ = {
			isa = XCBuildConfiguration;
			buildSettings = {
				ALWAYS_EMBED_SWIFT_STANDARD_LIBRARIES = YES;
				CODE_SIGN_STYLE = Automatic;
				DEVELOPMENT_TEAM = 4ZYQ2RHSQZ;
				INFOPLIST_FILE = BaseProjectUITests/Info.plist;
				LD_RUNPATH_SEARCH_PATHS = (
					"$(inherited)",
					"@executable_path/Frameworks",
					"@loader_path/Frameworks",
				);
				PRODUCT_BUNDLE_IDENTIFIER = xT9Org.BaseProjectUITests;
				PRODUCT_NAME = "$(TARGET_NAME)";
				SWIFT_VERSION = 5.0;
				TARGETED_DEVICE_FAMILY = "1,2";
				TEST_TARGET_NAME = BaseProject;
			};
			name = Debug;
		};
		F17E645E25D9A80400FFEBF4 /* Release */ = {
			isa = XCBuildConfiguration;
			buildSettings = {
				ALWAYS_EMBED_SWIFT_STANDARD_LIBRARIES = YES;
				CODE_SIGN_STYLE = Automatic;
				DEVELOPMENT_TEAM = 4ZYQ2RHSQZ;
				INFOPLIST_FILE = BaseProjectUITests/Info.plist;
				LD_RUNPATH_SEARCH_PATHS = (
					"$(inherited)",
					"@executable_path/Frameworks",
					"@loader_path/Frameworks",
				);
				PRODUCT_BUNDLE_IDENTIFIER = xT9Org.BaseProjectUITests;
				PRODUCT_NAME = "$(TARGET_NAME)";
				SWIFT_VERSION = 5.0;
				TARGETED_DEVICE_FAMILY = "1,2";
				TEST_TARGET_NAME = BaseProject;
			};
			name = Release;
		};
/* End XCBuildConfiguration section */

/* Begin XCConfigurationList section */
		F17E642725D9A7FC00FFEBF4 /* Build configuration list for PBXProject "SwiftBaseProject" */ = {
			isa = XCConfigurationList;
			buildConfigurations = (
				F17E645425D9A80400FFEBF4 /* Debug */,
				F17E645525D9A80400FFEBF4 /* Release */,
			);
			defaultConfigurationIsVisible = 0;
			defaultConfigurationName = Release;
		};
		F17E645625D9A80400FFEBF4 /* Build configuration list for PBXNativeTarget "SwiftBaseProject" */ = {
			isa = XCConfigurationList;
			buildConfigurations = (
				F17E645725D9A80400FFEBF4 /* Debug */,
				F17E645825D9A80400FFEBF4 /* Release */,
			);
			defaultConfigurationIsVisible = 0;
			defaultConfigurationName = Release;
		};
		F17E645925D9A80400FFEBF4 /* Build configuration list for PBXNativeTarget "SwiftBaseProjectTests" */ = {
			isa = XCConfigurationList;
			buildConfigurations = (
				F17E645A25D9A80400FFEBF4 /* Debug */,
				F17E645B25D9A80400FFEBF4 /* Release */,
			);
			defaultConfigurationIsVisible = 0;
			defaultConfigurationName = Release;
		};
		F17E645C25D9A80400FFEBF4 /* Build configuration list for PBXNativeTarget "SwiftBaseProjectUITests" */ = {
			isa = XCConfigurationList;
			buildConfigurations = (
				F17E645D25D9A80400FFEBF4 /* Debug */,
				F17E645E25D9A80400FFEBF4 /* Release */,
			);
			defaultConfigurationIsVisible = 0;
			defaultConfigurationName = Release;
		};
/* End XCConfigurationList section */
	};
	rootObject = F17E642425D9A7FC00FFEBF4 /* Project object */;
}
